{
  "name": "seam-cli",
  "lockfileVersion": 3,
  "requires": true,
  "packages": {
    "": {
      "name": "seam-cli",
      "dependencies": {
        "prompts": "^2.4.2"
      },
      "devDependencies": {
        "@types/openapi-v3": "^3.0.0",
        "bun-types": "latest"
      },
      "peerDependencies": {
        "typescript": "^5.0.0"
      }
    },
    "node_modules/@types/openapi-v3": {
      "version": "3.0.0",
      "resolved": "https://registry.npmjs.org/@types/openapi-v3/-/openapi-v3-3.0.0.tgz",
      "integrity": "sha512-28rr3cSUMosJLVuCrAVM1HixzjaspZ/sO9aKhnGGSZhnsu+ecG4MhAWG7ou6b4TXsM3Uns5RPD4xsmjPbp6zdA==",
      "dev": true
    },
    "node_modules/bun-types": {
      "version": "1.0.16",
      "resolved": "https://registry.npmjs.org/bun-types/-/bun-types-1.0.16.tgz",
      "integrity": "sha512-GnElqUSGWvFP1Hxv2FdxLuCDzUcHZ1ac/QrOOpZ18r2RHig+S+JXIOT0YIvrHo4XwqLeurlB6CqYminiCxQIEw==",
      "dev": true
    },
    "node_modules/kleur": {
      "version": "3.0.3",
      "license": "MIT",
      "engines": {
        "node": ">=6"
      }
    },
    "node_modules/prompts": {
      "version": "2.4.2",
      "license": "MIT",
      "dependencies": {
        "kleur": "^3.0.3",
        "sisteransi": "^1.0.5"
      },
      "engines": {
        "node": ">= 6"
      }
    },
    "node_modules/sisteransi": {
      "version": "1.0.5",
      "license": "MIT"
    },
    "node_modules/typescript": {
      "version": "5.3.3",
      "license": "Apache-2.0",
      "peer": true,
      "bin": {
        "tsc": "bin/tsc",
        "tsserver": "bin/tsserver"
      },
      "engines": {
        "node": ">=14.17"
      }
    }
  }
}
